
Microsoft Visual Studio Solution File, Format Version 12.00
# Visual Studio Version 17
VisualStudioVersion = 17.1.32210.238
MinimumVisualStudioVersion = 10.0.40219.1
Project("{9A19103F-16F7-4668-BE54-9A1E7A4F7556}") = "tl121pet", "tl121pet\tl121pet.csproj", "{95D7F814-DAB6-4F7A-B8B3-F7C7511C5DC5}"
EndProject
Project("{9A19103F-16F7-4668-BE54-9A1E7A4F7556}") = "tl121pet.Entities", "tl121pet.Entities\tl121pet.Entities.csproj", "{1DEB06D8-6060-46B8-A7D6-62F74EF0CF58}"
EndProject
Project("{9A19103F-16F7-4668-BE54-9A1E7A4F7556}") = "tl121pet.DAL", "tl121pet.DAL\tl121pet.DAL.csproj", "{010AD02E-4752-459F-8D76-B2CDC447E499}"
EndProject
Project("{9A19103F-16F7-4668-BE54-9A1E7A4F7556}") = "tl121pet.Services", "tl121pet.Services\tl121pet.Services.csproj", "{0FBB0867-9119-45DF-9659-D745405697DD}"
EndProject
Project("{9A19103F-16F7-4668-BE54-9A1E7A4F7556}") = "tl121pet.Tests", "tl121pet.Tests\tl121pet.Tests.csproj", "{B9CFFA21-A090-489E-AFB2-166557B24CE7}"
EndProject
Global
	GlobalSection(SolutionConfigurationPlatforms) = preSolution
		Debug|Any CPU = Debug|Any CPU
		Release|Any CPU = Release|Any CPU
	EndGlobalSection
	GlobalSection(ProjectConfigurationPlatforms) = postSolution
		{95D7F814-DAB6-4F7A-B8B3-F7C7511C5DC5}.Debug|Any CPU.ActiveCfg = Debug|Any CPU
		{95D7F814-DAB6-4F7A-B8B3-F7C7511C5DC5}.Debug|Any CPU.Build.0 = Debug|Any CPU
		{95D7F814-DAB6-4F7A-B8B3-F7C7511C5DC5}.Release|Any CPU.ActiveCfg = Release|Any CPU
		{95D7F814-DAB6-4F7A-B8B3-F7C7511C5DC5}.Release|Any CPU.Build.0 = Release|Any CPU
		{1DEB06D8-6060-46B8-A7D6-62F74EF0CF58}.Debug|Any CPU.ActiveCfg = Debug|Any CPU
		{1DEB06D8-6060-46B8-A7D6-62F74EF0CF58}.Debug|Any CPU.Build.0 = Debug|Any CPU
		{1DEB06D8-6060-46B8-A7D6-62F74EF0CF58}.Release|Any CPU.ActiveCfg = Release|Any CPU
		{1DEB06D8-6060-46B8-A7D6-62F74EF0CF58}.Release|Any CPU.Build.0 = Release|Any CPU
		{010AD02E-4752-459F-8D76-B2CDC447E499}.Debug|Any CPU.ActiveCfg = Debug|Any CPU
		{010AD02E-4752-459F-8D76-B2CDC447E499}.Debug|Any CPU.Build.0 = Debug|Any CPU
		{010AD02E-4752-459F-8D76-B2CDC447E499}.Release|Any CPU.ActiveCfg = Release|Any CPU
		{010AD02E-4752-459F-8D76-B2CDC447E499}.Release|Any CPU.Build.0 = Release|Any CPU
		{0FBB0867-9119-45DF-9659-D745405697DD}.Debug|Any CPU.ActiveCfg = Debug|Any CPU
		{0FBB0867-9119-45DF-9659-D745405697DD}.Debug|Any CPU.Build.0 = Debug|Any CPU
		{0FBB0867-9119-45DF-9659-D745405697DD}.Release|Any CPU.ActiveCfg = Release|Any CPU
		{0FBB0867-9119-45DF-9659-D745405697DD}.Release|Any CPU.Build.0 = Release|Any CPU
		{B9CFFA21-A090-489E-AFB2-166557B24CE7}.Debug|Any CPU.ActiveCfg = Debug|Any CPU
		{B9CFFA21-A090-489E-AFB2-166557B24CE7}.Debug|Any CPU.Build.0 = Debug|Any CPU
		{B9CFFA21-A090-489E-AFB2-166557B24CE7}.Release|Any CPU.ActiveCfg = Release|Any CPU
		{B9CFFA21-A090-489E-AFB2-166557B24CE7}.Release|Any CPU.Build.0 = Release|Any CPU
	EndGlobalSection
	GlobalSection(SolutionProperties) = preSolution
		HideSolutionNode = FALSE
	EndGlobalSection
	GlobalSection(ExtensibilityGlobals) = postSolution
		SolutionGuid = {479727ED-A7DD-462D-AE44-1FA64104FB57}
	EndGlobalSection
EndGlobal
